
Microsoft Visual Studio Solution File, Format Version 12.00
# Visual Studio Version 17
VisualStudioVersion = 17.4.33122.133
MinimumVisualStudioVersion = 10.0.40219.1
Project("{9A19103F-16F7-4668-BE54-9A1E7A4F7556}") = "ErayArıkan21898388", "ErayArıkan21898388\ErayArıkan21898388.csproj", "{446E9331-2007-444B-AF8A-1460DADD5483}"
EndProject
Global
	GlobalSection(SolutionConfigurationPlatforms) = preSolution
		Debug|Any CPU = Debug|Any CPU
		Release|Any CPU = Release|Any CPU
	EndGlobalSection
	GlobalSection(ProjectConfigurationPlatforms) = postSolution
		{446E9331-2007-444B-AF8A-1460DADD5483}.Debug|Any CPU.ActiveCfg = Debug|Any CPU
		{446E9331-2007-444B-AF8A-1460DADD5483}.Debug|Any CPU.Build.0 = Debug|Any CPU
		{446E9331-2007-444B-AF8A-1460DADD5483}.Release|Any CPU.ActiveCfg = Release|Any CPU
		{446E9331-2007-444B-AF8A-1460DADD5483}.Release|Any CPU.Build.0 = Release|Any CPU
	EndGlobalSection
	GlobalSection(SolutionProperties) = preSolution
		HideSolutionNode = FALSE
	EndGlobalSection
	GlobalSection(ExtensibilityGlobals) = postSolution
		SolutionGuid = {CC44867E-3D97-41BB-803A-D1964E3E1A20}
	EndGlobalSection
EndGlobal
